
Microsoft Visual Studio Solution File, Format Version 12.00
# Visual Studio Version 17
VisualStudioVersion = 17.11.35312.102
MinimumVisualStudioVersion = 10.0.40219.1
Project("{FAE04EC0-301F-11D3-BF4B-00C04F79EFBC}") = "SignalR", "SignalR.csproj", "{F24636D4-D9FA-410B-8F3D-9CFE2E6A5783}"
EndProject
Global
	GlobalSection(SolutionConfigurationPlatforms) = preSolution
		Debug|Any CPU = Debug|Any CPU
		Release|Any CPU = Release|Any CPU
	EndGlobalSection
	GlobalSection(ProjectConfigurationPlatforms) = postSolution
		{F24636D4-D9FA-410B-8F3D-9CFE2E6A5783}.Debug|Any CPU.ActiveCfg = Debug|Any CPU
		{F24636D4-D9FA-410B-8F3D-9CFE2E6A5783}.Debug|Any CPU.Build.0 = Debug|Any CPU
		{F24636D4-D9FA-410B-8F3D-9CFE2E6A5783}.Release|Any CPU.ActiveCfg = Release|Any CPU
		{F24636D4-D9FA-410B-8F3D-9CFE2E6A5783}.Release|Any CPU.Build.0 = Release|Any CPU
	EndGlobalSection
	GlobalSection(SolutionProperties) = preSolution
		HideSolutionNode = FALSE
	EndGlobalSection
	GlobalSection(ExtensibilityGlobals) = postSolution
		SolutionGuid = {5854EE8C-919A-479C-9FED-CE8FF2E00D6E}
	EndGlobalSection
EndGlobal
